
Microsoft Visual Studio Solution File, Format Version 12.00
# Visual Studio 15
VisualStudioVersion = 15.0.28307.572
MinimumVisualStudioVersion = 10.0.40219.1
Project("{FAE04EC0-301F-11D3-BF4B-00C04F79EFBC}") = "SMARTII", "SMARTII\SMARTII.csproj", "{25746330-22E9-4FDD-99B0-9B1F282AC07F}"
EndProject
Project("{FAE04EC0-301F-11D3-BF4B-00C04F79EFBC}") = "SMARTII.StressTest", "StressTest\SMARTII.StressTest.csproj", "{E0282B75-FCE9-4D96-B4FF-056588FF6EAB}"
EndProject
Project("{FAE04EC0-301F-11D3-BF4B-00C04F79EFBC}") = "SMARTII.Tests", "SMARTII.Tests\SMARTII.Tests.csproj", "{9A8748CB-717E-48D0-8CEE-F23971A37191}"
EndProject
Project("{FAE04EC0-301F-11D3-BF4B-00C04F79EFBC}") = "SMARTII.Domain", "SMARTII.Domain\SMARTII.Domain.csproj", "{76854212-2D9C-44A3-92C2-FA778FAF89B3}"
EndProject
Project("{2150E333-8FDC-42A3-9474-1A3956D46DE8}") = "business-unit", "business-unit", "{2FBD538C-27B6-401E-BE56-BCF71432B551}"
EndProject
Project("{2150E333-8FDC-42A3-9474-1A3956D46DE8}") = "src", "src", "{D0593AFB-1E3C-46B4-AB15-C1EBF3C967BE}"
EndProject
Project("{2150E333-8FDC-42A3-9474-1A3956D46DE8}") = "ap", "ap", "{B3E9469D-6B0D-4E4C-8365-2515D0AC0D23}"
EndProject
Project("{FAE04EC0-301F-11D3-BF4B-00C04F79EFBC}") = "SMARTII.Service", "SMARTII.Service\SMARTII.Service.csproj", "{F43491A1-56DC-46D2-BE4F-5E55462355FB}"
EndProject
Project("{FAE04EC0-301F-11D3-BF4B-00C04F79EFBC}") = "SMARTII.Resource", "SMARTII.Resource\SMARTII.Resource.csproj", "{4EA893A8-3DCB-4A9A-8EEB-A848C198C25C}"
EndProject
Project("{2150E333-8FDC-42A3-9474-1A3956D46DE8}") = "doc", "doc", "{8EE2EA8F-2E02-406D-B045-3171037AC875}"
EndProject
Project("{FAE04EC0-301F-11D3-BF4B-00C04F79EFBC}") = "SMARTII.Assist", "SMARTII.Assist\SMARTII.Assist.csproj", "{D5226913-5345-4FD7-8226-F97D574CCDA5}"
EndProject
Project("{2150E333-8FDC-42A3-9474-1A3956D46DE8}") = "tools", "tools", "{0662F04A-6053-4EB6-BD95-F4182B108F39}"
	ProjectSection(SolutionItems) = preProject
		..\doc\tools\docfx.json = ..\doc\tools\docfx.json
		..\doc\tools\use.txt = ..\doc\tools\use.txt
	EndProjectSection
EndProject
Project("{2150E333-8FDC-42A3-9474-1A3956D46DE8}") = "build", "build", "{6F7543C9-BD30-4CD1-8D7A-79504B748CD0}"
	ProjectSection(SolutionItems) = preProject
		NuGet.Config = NuGet.Config
	EndProjectSection
EndProject
Project("{FAE04EC0-301F-11D3-BF4B-00C04F79EFBC}") = "SMARTII.ASO", "SMARTII.ASO\SMARTII.ASO.csproj", "{7169006A-EDD6-4308-8B50-E0E11EE71FF2}"
EndProject
Project("{FAE04EC0-301F-11D3-BF4B-00C04F79EFBC}") = "SMARTII.21Century", "SMARTII.21Century\SMARTII.21Century.csproj", "{435EDE5E-E159-4D01-AAED-A2474E1D244D}"
EndProject
Project("{FAE04EC0-301F-11D3-BF4B-00C04F79EFBC}") = "SMARTII.Database", "SMARTII.Database\SMARTII.Database.csproj", "{3814E6D3-7EBB-4C07-94E0-91369BB0D021}"
EndProject
Project("{FAE04EC0-301F-11D3-BF4B-00C04F79EFBC}") = "SMARTII.PPCLIFE", "SMARTII.PPCLIFE\SMARTII.PPCLIFE.csproj", "{43B71F53-112F-420D-89AE-DAA9F007ACA7}"
EndProject
Project("{FAE04EC0-301F-11D3-BF4B-00C04F79EFBC}") = "SMARTII.COMMON_BU", "SMARTII.COMMON_BU\SMARTII.COMMON_BU.csproj", "{5836DE28-D404-42A5-9CBB-656E13680724}"
EndProject
Project("{2150E333-8FDC-42A3-9474-1A3956D46DE8}") = "batch", "batch", "{1975178A-6A0B-4ABD-B7C9-B32027E373C4}"
EndProject
Project("{FAE04EC0-301F-11D3-BF4B-00C04F79EFBC}") = "刷新系統參數", "刷新系統參數\刷新系統參數.csproj", "{2F033237-01FB-45A2-97D5-7EFEA567811D}"
EndProject
Project("{FAE04EC0-301F-11D3-BF4B-00C04F79EFBC}") = "預立案自動結案", "預立案自動結案\預立案自動結案.csproj", "{42C6760A-A0A0-4A7A-B564-ECA0C7F4B4C6}"
EndProject
Project("{FAE04EC0-301F-11D3-BF4B-00C04F79EFBC}") = "計算大量叫修通知次數", "計算大量叫修通知次數\計算大量叫修通知次數.csproj", "{07A8BFDD-9F04-4145-A2EA-9C934774C942}"
EndProject
Project("{FAE04EC0-301F-11D3-BF4B-00C04F79EFBC}") = "解析官網來信", "解析官網來信\解析官網來信.csproj", "{1375DD9C-F67B-44C1-BAE7-B099B95897C0}"
EndProject
Project("{FAE04EC0-301F-11D3-BF4B-00C04F79EFBC}") = "排程共通依賴", "排程共通依賴\排程共通依賴.csproj", "{0C97AA36-FCCE-4AA7-88AA-9282624ADD1C}"
EndProject
Project("{FAE04EC0-301F-11D3-BF4B-00C04F79EFBC}") = "SMARTII.MisterDonut", "SMARTII.MisterDonut\SMARTII.MisterDonut.csproj", "{657018A3-FA4D-4093-BEDB-69F84199CBA4}"
EndProject
Project("{FAE04EC0-301F-11D3-BF4B-00C04F79EFBC}") = "SMARTII.ColdStone", "SMARTII.ColdStone\SMARTII.ColdStone.csproj", "{DD02E8D8-220A-4922-93EE-C3415C05E7D2}"
EndProject
Project("{FAE04EC0-301F-11D3-BF4B-00C04F79EFBC}") = "SMARTII.EShop", "SMARTII.EShop\SMARTII.EShop.csproj", "{25C2310C-7D38-4ACC-B13D-B986832D1DF2}"
EndProject
Project("{FAE04EC0-301F-11D3-BF4B-00C04F79EFBC}") = "SMARTII.ICC", "SMARTII.ICC\SMARTII.ICC.csproj", "{7567BF00-743D-41F2-A0B9-28BFFB251FAE}"
EndProject
Project("{FAE04EC0-301F-11D3-BF4B-00C04F79EFBC}") = "SMARTII.OpenPoint", "SMARTII.OpenPoint\SMARTII.OpenPoint.csproj", "{A4DC98B6-EB96-4675-94EB-CAD820A82CC1}"
EndProject
Project("{2150E333-8FDC-42A3-9474-1A3956D46DE8}") = "core", "core", "{CF16FFE1-4952-4487-8318-2BF561273839}"
EndProject
Project("{FAE04EC0-301F-11D3-BF4B-00C04F79EFBC}") = "逾時未結案通知", "逾時未結案通知\逾時未結案通知.csproj", "{6FD73FD5-CE2E-4F91-AECC-F218F24DD67A}"
EndProject
Project("{FAE04EC0-301F-11D3-BF4B-00C04F79EFBC}") = "統藥大量叫修", "統藥大量叫修\統藥大量叫修.csproj", "{5D94940B-5992-4FF9-A5D7-D92CFA42AB21}"
EndProject
Project("{FAE04EC0-301F-11D3-BF4B-00C04F79EFBC}") = "佈告欄提醒", "布告欄提醒\佈告欄提醒.csproj", "{D5683C2A-E51E-4E05-8CA4-A341AE62489C}"
EndProject
Project("{FAE04EC0-301F-11D3-BF4B-00C04F79EFBC}") = "案件追蹤示警提醒", "案件追蹤市井提醒\案件追蹤示警提醒.csproj", "{F1247E71-6981-4B67-BDA0-93DF9D539FF9}"
EndProject
Project("{FAE04EC0-301F-11D3-BF4B-00C04F79EFBC}") = "統一藥品日報表", "統一藥品日報表\統一藥品日報表.csproj", "{5FB0054A-2723-4487-B05A-042B788F3BEF}"
	ProjectSection(ProjectDependencies) = postProject
		{76854212-2D9C-44A3-92C2-FA778FAF89B3} = {76854212-2D9C-44A3-92C2-FA778FAF89B3}
		{0C97AA36-FCCE-4AA7-88AA-9282624ADD1C} = {0C97AA36-FCCE-4AA7-88AA-9282624ADD1C}
	EndProjectSection
EndProject
Project("{FAE04EC0-301F-11D3-BF4B-00C04F79EFBC}") = "統一藥品月報表", "統一藥品月報表\統一藥品月報表.csproj", "{A6433D25-A1A5-4CE0-A2F2-6084B5216D48}"
	ProjectSection(ProjectDependencies) = postProject
		{76854212-2D9C-44A3-92C2-FA778FAF89B3} = {76854212-2D9C-44A3-92C2-FA778FAF89B3}
		{0C97AA36-FCCE-4AA7-88AA-9282624ADD1C} = {0C97AA36-FCCE-4AA7-88AA-9282624ADD1C}
	EndProjectSection
EndProject
Project("{FAE04EC0-301F-11D3-BF4B-00C04F79EFBC}") = "統一藥品數據統計月報表", "統一藥品數據統計月報表\統一藥品數據統計月報表.csproj", "{BDEE6A2C-2038-49A0-9152-5B4A6FB4684F}"
EndProject
Project("{FAE04EC0-301F-11D3-BF4B-00C04F79EFBC}") = "酷聖石0800客服日報表", "酷聖石0800客服日報表\酷聖石0800客服日報表.csproj", "{E153B5F0-2F85-40BF-9580-3AD276E131E8}"
	ProjectSection(ProjectDependencies) = postProject
		{76854212-2D9C-44A3-92C2-FA778FAF89B3} = {76854212-2D9C-44A3-92C2-FA778FAF89B3}
		{0C97AA36-FCCE-4AA7-88AA-9282624ADD1C} = {0C97AA36-FCCE-4AA7-88AA-9282624ADD1C}
	EndProjectSection
EndProject
Project("{FAE04EC0-301F-11D3-BF4B-00C04F79EFBC}") = "ASO日報表寄送", "ASO日報表寄送\ASO日報表寄送.csproj", "{00FEAB7A-1538-42CC-9144-6F2AA2498F10}"
EndProject
Project("{FAE04EC0-301F-11D3-BF4B-00C04F79EFBC}") = "統一藥品eShop日報表", "統一藥品eShop日報表\統一藥品eShop日報表.csproj", "{D8BE6588-6FAC-4B3D-BE8F-6CF30DA933B7}"
	ProjectSection(ProjectDependencies) = postProject
		{76854212-2D9C-44A3-92C2-FA778FAF89B3} = {76854212-2D9C-44A3-92C2-FA778FAF89B3}
		{0C97AA36-FCCE-4AA7-88AA-9282624ADD1C} = {0C97AA36-FCCE-4AA7-88AA-9282624ADD1C}
	EndProjectSection
EndProject
Project("{FAE04EC0-301F-11D3-BF4B-00C04F79EFBC}") = "InComm卡日報表", "InComm卡日報表\InComm卡日報表.csproj", "{36A3C0E9-CA32-4F26-95FB-84760910D0BB}"
EndProject
Project("{FAE04EC0-301F-11D3-BF4B-00C04F79EFBC}") = "多拿滋日報表", "多拿滋日報表\多拿滋日報表.csproj", "{D84024AB-A5CB-4B21-9EEB-4615843AE5F9}"
EndProject
Project("{FAE04EC0-301F-11D3-BF4B-00C04F79EFBC}") = "21世紀日報表", "21世紀日報表\21世紀日報表.csproj", "{334C29B9-F61C-4CC3-92ED-E7E868CD305D}"
EndProject
Project("{FAE04EC0-301F-11D3-BF4B-00C04F79EFBC}") = "OpenPoint日報表", "iCashPoint日報表\OpenPoint日報表.csproj", "{D64D8C61-AEFC-458F-AC34-72588C741D44}"
EndProject
Project("{FAE04EC0-301F-11D3-BF4B-00C04F79EFBC}") = "門市匯入", "門市匯入\門市匯入.csproj", "{D0147AE2-D16D-481F-9C1B-EF9F173EDF71}"
EndProject
Project("{2150E333-8FDC-42A3-9474-1A3956D46DE8}") = "Solution Items", "Solution Items", "{6506B903-BA7A-4F6B-930B-F43524423877}"
	ProjectSection(SolutionItems) = preProject
		Local.testsettings = Local.testsettings
	EndProjectSection
EndProject
Project("{FAE04EC0-301F-11D3-BF4B-00C04F79EFBC}") = "問題分類匯入", "問題分類匯入\問題分類匯入.csproj", "{BB7C2881-0237-4217-A67E-4EE241966F21}"
EndProject
Project("{FAE04EC0-301F-11D3-BF4B-00C04F79EFBC}") = "門市人員匯入", "門市人員匯入\門市人員匯入.csproj", "{5EF46273-9938-4764-B93A-E0143C8DEF20}"
EndProject
Project("{FAE04EC0-301F-11D3-BF4B-00C04F79EFBC}") = "門市資訊匯入", "門市資訊匯入\門市資訊匯入.csproj", "{6ACEDFE2-9B65-4F65-ABB3-4397E0CDD7F0}"
EndProject
Project("{FAE04EC0-301F-11D3-BF4B-00C04F79EFBC}") = "使用者匯入", "使用者匯入\使用者匯入.csproj", "{5998CD7A-FE22-41C4-B4AD-C511F3F48067}"
EndProject
Project("{2150E333-8FDC-42A3-9474-1A3956D46DE8}") = "db-schema", "db-schema", "{C976B769-C1B9-4304-9899-9F039AC07608}"
EndProject
Project("{00D1A9C2-B5F0-4AF3-8072-F6C62B433612}") = "SMARTII_Schema", "SMARTII_Schema\SMARTII_Schema.sqlproj", "{75594CEA-55F2-4F2A-8877-224B3FAE9928}"
EndProject
Project("{FAE04EC0-301F-11D3-BF4B-00C04F79EFBC}") = "SMARTII.FORTUNE", "SMARTII.FORTUNE\SMARTII.FORTUNE.csproj", "{94C50F8C-D058-4AFC-9872-6BFFFFC7657C}"
EndProject
Global
	GlobalSection(SolutionConfigurationPlatforms) = preSolution
		Debug|Any CPU = Debug|Any CPU
		Release|Any CPU = Release|Any CPU
	EndGlobalSection
	GlobalSection(ProjectConfigurationPlatforms) = postSolution
		{25746330-22E9-4FDD-99B0-9B1F282AC07F}.Debug|Any CPU.ActiveCfg = Debug|Any CPU
		{25746330-22E9-4FDD-99B0-9B1F282AC07F}.Debug|Any CPU.Build.0 = Debug|Any CPU
		{25746330-22E9-4FDD-99B0-9B1F282AC07F}.Release|Any CPU.ActiveCfg = Release|Any CPU
		{25746330-22E9-4FDD-99B0-9B1F282AC07F}.Release|Any CPU.Build.0 = Release|Any CPU
		{E0282B75-FCE9-4D96-B4FF-056588FF6EAB}.Debug|Any CPU.ActiveCfg = Debug|Any CPU
		{E0282B75-FCE9-4D96-B4FF-056588FF6EAB}.Debug|Any CPU.Build.0 = Debug|Any CPU
		{E0282B75-FCE9-4D96-B4FF-056588FF6EAB}.Release|Any CPU.ActiveCfg = Release|Any CPU
		{E0282B75-FCE9-4D96-B4FF-056588FF6EAB}.Release|Any CPU.Build.0 = Release|Any CPU
		{9A8748CB-717E-48D0-8CEE-F23971A37191}.Debug|Any CPU.ActiveCfg = Debug|Any CPU
		{9A8748CB-717E-48D0-8CEE-F23971A37191}.Debug|Any CPU.Build.0 = Debug|Any CPU
		{9A8748CB-717E-48D0-8CEE-F23971A37191}.Release|Any CPU.ActiveCfg = Release|Any CPU
		{9A8748CB-717E-48D0-8CEE-F23971A37191}.Release|Any CPU.Build.0 = Release|Any CPU
		{76854212-2D9C-44A3-92C2-FA778FAF89B3}.Debug|Any CPU.ActiveCfg = Debug|Any CPU
		{76854212-2D9C-44A3-92C2-FA778FAF89B3}.Debug|Any CPU.Build.0 = Debug|Any CPU
		{76854212-2D9C-44A3-92C2-FA778FAF89B3}.Release|Any CPU.ActiveCfg = Release|Any CPU
		{76854212-2D9C-44A3-92C2-FA778FAF89B3}.Release|Any CPU.Build.0 = Release|Any CPU
		{F43491A1-56DC-46D2-BE4F-5E55462355FB}.Debug|Any CPU.ActiveCfg = Debug|Any CPU
		{F43491A1-56DC-46D2-BE4F-5E55462355FB}.Debug|Any CPU.Build.0 = Debug|Any CPU
		{F43491A1-56DC-46D2-BE4F-5E55462355FB}.Release|Any CPU.ActiveCfg = Release|Any CPU
		{F43491A1-56DC-46D2-BE4F-5E55462355FB}.Release|Any CPU.Build.0 = Release|Any CPU
		{4EA893A8-3DCB-4A9A-8EEB-A848C198C25C}.Debug|Any CPU.ActiveCfg = Debug|Any CPU
		{4EA893A8-3DCB-4A9A-8EEB-A848C198C25C}.Debug|Any CPU.Build.0 = Debug|Any CPU
		{4EA893A8-3DCB-4A9A-8EEB-A848C198C25C}.Release|Any CPU.ActiveCfg = Release|Any CPU
		{4EA893A8-3DCB-4A9A-8EEB-A848C198C25C}.Release|Any CPU.Build.0 = Release|Any CPU
		{D5226913-5345-4FD7-8226-F97D574CCDA5}.Debug|Any CPU.ActiveCfg = Debug|Any CPU
		{D5226913-5345-4FD7-8226-F97D574CCDA5}.Debug|Any CPU.Build.0 = Debug|Any CPU
		{D5226913-5345-4FD7-8226-F97D574CCDA5}.Release|Any CPU.ActiveCfg = Release|Any CPU
		{D5226913-5345-4FD7-8226-F97D574CCDA5}.Release|Any CPU.Build.0 = Release|Any CPU
		{7169006A-EDD6-4308-8B50-E0E11EE71FF2}.Debug|Any CPU.ActiveCfg = Debug|Any CPU
		{7169006A-EDD6-4308-8B50-E0E11EE71FF2}.Debug|Any CPU.Build.0 = Debug|Any CPU
		{7169006A-EDD6-4308-8B50-E0E11EE71FF2}.Release|Any CPU.ActiveCfg = Release|Any CPU
		{7169006A-EDD6-4308-8B50-E0E11EE71FF2}.Release|Any CPU.Build.0 = Release|Any CPU
		{435EDE5E-E159-4D01-AAED-A2474E1D244D}.Debug|Any CPU.ActiveCfg = Debug|Any CPU
		{435EDE5E-E159-4D01-AAED-A2474E1D244D}.Debug|Any CPU.Build.0 = Debug|Any CPU
		{435EDE5E-E159-4D01-AAED-A2474E1D244D}.Release|Any CPU.ActiveCfg = Release|Any CPU
		{435EDE5E-E159-4D01-AAED-A2474E1D244D}.Release|Any CPU.Build.0 = Release|Any CPU
		{3814E6D3-7EBB-4C07-94E0-91369BB0D021}.Debug|Any CPU.ActiveCfg = Debug|Any CPU
		{3814E6D3-7EBB-4C07-94E0-91369BB0D021}.Debug|Any CPU.Build.0 = Debug|Any CPU
		{3814E6D3-7EBB-4C07-94E0-91369BB0D021}.Release|Any CPU.ActiveCfg = Release|Any CPU
		{3814E6D3-7EBB-4C07-94E0-91369BB0D021}.Release|Any CPU.Build.0 = Release|Any CPU
		{43B71F53-112F-420D-89AE-DAA9F007ACA7}.Debug|Any CPU.ActiveCfg = Debug|Any CPU
		{43B71F53-112F-420D-89AE-DAA9F007ACA7}.Debug|Any CPU.Build.0 = Debug|Any CPU
		{43B71F53-112F-420D-89AE-DAA9F007ACA7}.Release|Any CPU.ActiveCfg = Release|Any CPU
		{43B71F53-112F-420D-89AE-DAA9F007ACA7}.Release|Any CPU.Build.0 = Release|Any CPU
		{5836DE28-D404-42A5-9CBB-656E13680724}.Debug|Any CPU.ActiveCfg = Debug|Any CPU
		{5836DE28-D404-42A5-9CBB-656E13680724}.Debug|Any CPU.Build.0 = Debug|Any CPU
		{5836DE28-D404-42A5-9CBB-656E13680724}.Release|Any CPU.ActiveCfg = Release|Any CPU
		{5836DE28-D404-42A5-9CBB-656E13680724}.Release|Any CPU.Build.0 = Release|Any CPU
		{2F033237-01FB-45A2-97D5-7EFEA567811D}.Debug|Any CPU.ActiveCfg = Debug|Any CPU
		{2F033237-01FB-45A2-97D5-7EFEA567811D}.Debug|Any CPU.Build.0 = Debug|Any CPU
		{2F033237-01FB-45A2-97D5-7EFEA567811D}.Release|Any CPU.ActiveCfg = Release|Any CPU
		{2F033237-01FB-45A2-97D5-7EFEA567811D}.Release|Any CPU.Build.0 = Release|Any CPU
		{42C6760A-A0A0-4A7A-B564-ECA0C7F4B4C6}.Debug|Any CPU.ActiveCfg = Debug|Any CPU
		{42C6760A-A0A0-4A7A-B564-ECA0C7F4B4C6}.Debug|Any CPU.Build.0 = Debug|Any CPU
		{42C6760A-A0A0-4A7A-B564-ECA0C7F4B4C6}.Release|Any CPU.ActiveCfg = Release|Any CPU
		{42C6760A-A0A0-4A7A-B564-ECA0C7F4B4C6}.Release|Any CPU.Build.0 = Release|Any CPU
		{07A8BFDD-9F04-4145-A2EA-9C934774C942}.Debug|Any CPU.ActiveCfg = Debug|Any CPU
		{07A8BFDD-9F04-4145-A2EA-9C934774C942}.Debug|Any CPU.Build.0 = Debug|Any CPU
		{07A8BFDD-9F04-4145-A2EA-9C934774C942}.Release|Any CPU.ActiveCfg = Release|Any CPU
		{07A8BFDD-9F04-4145-A2EA-9C934774C942}.Release|Any CPU.Build.0 = Release|Any CPU
		{1375DD9C-F67B-44C1-BAE7-B099B95897C0}.Debug|Any CPU.ActiveCfg = Debug|Any CPU
		{1375DD9C-F67B-44C1-BAE7-B099B95897C0}.Debug|Any CPU.Build.0 = Debug|Any CPU
		{1375DD9C-F67B-44C1-BAE7-B099B95897C0}.Release|Any CPU.ActiveCfg = Release|Any CPU
		{1375DD9C-F67B-44C1-BAE7-B099B95897C0}.Release|Any CPU.Build.0 = Release|Any CPU
		{0C97AA36-FCCE-4AA7-88AA-9282624ADD1C}.Debug|Any CPU.ActiveCfg = Debug|Any CPU
		{0C97AA36-FCCE-4AA7-88AA-9282624ADD1C}.Debug|Any CPU.Build.0 = Debug|Any CPU
		{0C97AA36-FCCE-4AA7-88AA-9282624ADD1C}.Release|Any CPU.ActiveCfg = Release|Any CPU
		{0C97AA36-FCCE-4AA7-88AA-9282624ADD1C}.Release|Any CPU.Build.0 = Release|Any CPU
		{657018A3-FA4D-4093-BEDB-69F84199CBA4}.Debug|Any CPU.ActiveCfg = Debug|Any CPU
		{657018A3-FA4D-4093-BEDB-69F84199CBA4}.Debug|Any CPU.Build.0 = Debug|Any CPU
		{657018A3-FA4D-4093-BEDB-69F84199CBA4}.Release|Any CPU.ActiveCfg = Release|Any CPU
		{657018A3-FA4D-4093-BEDB-69F84199CBA4}.Release|Any CPU.Build.0 = Release|Any CPU
		{DD02E8D8-220A-4922-93EE-C3415C05E7D2}.Debug|Any CPU.ActiveCfg = Debug|Any CPU
		{DD02E8D8-220A-4922-93EE-C3415C05E7D2}.Debug|Any CPU.Build.0 = Debug|Any CPU
		{DD02E8D8-220A-4922-93EE-C3415C05E7D2}.Release|Any CPU.ActiveCfg = Release|Any CPU
		{DD02E8D8-220A-4922-93EE-C3415C05E7D2}.Release|Any CPU.Build.0 = Release|Any CPU
		{25C2310C-7D38-4ACC-B13D-B986832D1DF2}.Debug|Any CPU.ActiveCfg = Debug|Any CPU
		{25C2310C-7D38-4ACC-B13D-B986832D1DF2}.Debug|Any CPU.Build.0 = Debug|Any CPU
		{25C2310C-7D38-4ACC-B13D-B986832D1DF2}.Release|Any CPU.ActiveCfg = Release|Any CPU
		{25C2310C-7D38-4ACC-B13D-B986832D1DF2}.Release|Any CPU.Build.0 = Release|Any CPU
		{7567BF00-743D-41F2-A0B9-28BFFB251FAE}.Debug|Any CPU.ActiveCfg = Debug|Any CPU
		{7567BF00-743D-41F2-A0B9-28BFFB251FAE}.Debug|Any CPU.Build.0 = Debug|Any CPU
		{7567BF00-743D-41F2-A0B9-28BFFB251FAE}.Release|Any CPU.ActiveCfg = Release|Any CPU
		{7567BF00-743D-41F2-A0B9-28BFFB251FAE}.Release|Any CPU.Build.0 = Release|Any CPU
		{A4DC98B6-EB96-4675-94EB-CAD820A82CC1}.Debug|Any CPU.ActiveCfg = Debug|Any CPU
		{A4DC98B6-EB96-4675-94EB-CAD820A82CC1}.Debug|Any CPU.Build.0 = Debug|Any CPU
		{A4DC98B6-EB96-4675-94EB-CAD820A82CC1}.Release|Any CPU.ActiveCfg = Release|Any CPU
		{A4DC98B6-EB96-4675-94EB-CAD820A82CC1}.Release|Any CPU.Build.0 = Release|Any CPU
		{6FD73FD5-CE2E-4F91-AECC-F218F24DD67A}.Debug|Any CPU.ActiveCfg = Debug|Any CPU
		{6FD73FD5-CE2E-4F91-AECC-F218F24DD67A}.Debug|Any CPU.Build.0 = Debug|Any CPU
		{6FD73FD5-CE2E-4F91-AECC-F218F24DD67A}.Release|Any CPU.ActiveCfg = Release|Any CPU
		{6FD73FD5-CE2E-4F91-AECC-F218F24DD67A}.Release|Any CPU.Build.0 = Release|Any CPU
		{5D94940B-5992-4FF9-A5D7-D92CFA42AB21}.Debug|Any CPU.ActiveCfg = Debug|Any CPU
		{5D94940B-5992-4FF9-A5D7-D92CFA42AB21}.Debug|Any CPU.Build.0 = Debug|Any CPU
		{5D94940B-5992-4FF9-A5D7-D92CFA42AB21}.Release|Any CPU.ActiveCfg = Release|Any CPU
		{5D94940B-5992-4FF9-A5D7-D92CFA42AB21}.Release|Any CPU.Build.0 = Release|Any CPU
		{D5683C2A-E51E-4E05-8CA4-A341AE62489C}.Debug|Any CPU.ActiveCfg = Debug|Any CPU
		{D5683C2A-E51E-4E05-8CA4-A341AE62489C}.Debug|Any CPU.Build.0 = Debug|Any CPU
		{D5683C2A-E51E-4E05-8CA4-A341AE62489C}.Release|Any CPU.ActiveCfg = Release|Any CPU
		{D5683C2A-E51E-4E05-8CA4-A341AE62489C}.Release|Any CPU.Build.0 = Release|Any CPU
		{F1247E71-6981-4B67-BDA0-93DF9D539FF9}.Debug|Any CPU.ActiveCfg = Debug|Any CPU
		{F1247E71-6981-4B67-BDA0-93DF9D539FF9}.Debug|Any CPU.Build.0 = Debug|Any CPU
		{F1247E71-6981-4B67-BDA0-93DF9D539FF9}.Release|Any CPU.ActiveCfg = Release|Any CPU
		{F1247E71-6981-4B67-BDA0-93DF9D539FF9}.Release|Any CPU.Build.0 = Release|Any CPU
		{5FB0054A-2723-4487-B05A-042B788F3BEF}.Debug|Any CPU.ActiveCfg = Debug|Any CPU
		{5FB0054A-2723-4487-B05A-042B788F3BEF}.Debug|Any CPU.Build.0 = Debug|Any CPU
		{5FB0054A-2723-4487-B05A-042B788F3BEF}.Release|Any CPU.ActiveCfg = Release|Any CPU
		{5FB0054A-2723-4487-B05A-042B788F3BEF}.Release|Any CPU.Build.0 = Release|Any CPU
		{A6433D25-A1A5-4CE0-A2F2-6084B5216D48}.Debug|Any CPU.ActiveCfg = Debug|Any CPU
		{A6433D25-A1A5-4CE0-A2F2-6084B5216D48}.Debug|Any CPU.Build.0 = Debug|Any CPU
		{A6433D25-A1A5-4CE0-A2F2-6084B5216D48}.Release|Any CPU.ActiveCfg = Release|Any CPU
		{A6433D25-A1A5-4CE0-A2F2-6084B5216D48}.Release|Any CPU.Build.0 = Release|Any CPU
		{BDEE6A2C-2038-49A0-9152-5B4A6FB4684F}.Debug|Any CPU.ActiveCfg = Debug|Any CPU
		{BDEE6A2C-2038-49A0-9152-5B4A6FB4684F}.Debug|Any CPU.Build.0 = Debug|Any CPU
		{BDEE6A2C-2038-49A0-9152-5B4A6FB4684F}.Release|Any CPU.ActiveCfg = Release|Any CPU
		{BDEE6A2C-2038-49A0-9152-5B4A6FB4684F}.Release|Any CPU.Build.0 = Release|Any CPU
		{E153B5F0-2F85-40BF-9580-3AD276E131E8}.Debug|Any CPU.ActiveCfg = Debug|Any CPU
		{E153B5F0-2F85-40BF-9580-3AD276E131E8}.Debug|Any CPU.Build.0 = Debug|Any CPU
		{E153B5F0-2F85-40BF-9580-3AD276E131E8}.Release|Any CPU.ActiveCfg = Release|Any CPU
		{E153B5F0-2F85-40BF-9580-3AD276E131E8}.Release|Any CPU.Build.0 = Release|Any CPU
		{00FEAB7A-1538-42CC-9144-6F2AA2498F10}.Debug|Any CPU.ActiveCfg = Debug|Any CPU
		{00FEAB7A-1538-42CC-9144-6F2AA2498F10}.Debug|Any CPU.Build.0 = Debug|Any CPU
		{00FEAB7A-1538-42CC-9144-6F2AA2498F10}.Release|Any CPU.ActiveCfg = Release|Any CPU
		{00FEAB7A-1538-42CC-9144-6F2AA2498F10}.Release|Any CPU.Build.0 = Release|Any CPU
		{D8BE6588-6FAC-4B3D-BE8F-6CF30DA933B7}.Debug|Any CPU.ActiveCfg = Debug|Any CPU
		{D8BE6588-6FAC-4B3D-BE8F-6CF30DA933B7}.Debug|Any CPU.Build.0 = Debug|Any CPU
		{D8BE6588-6FAC-4B3D-BE8F-6CF30DA933B7}.Release|Any CPU.ActiveCfg = Release|Any CPU
		{D8BE6588-6FAC-4B3D-BE8F-6CF30DA933B7}.Release|Any CPU.Build.0 = Release|Any CPU
		{36A3C0E9-CA32-4F26-95FB-84760910D0BB}.Debug|Any CPU.ActiveCfg = Debug|Any CPU
		{36A3C0E9-CA32-4F26-95FB-84760910D0BB}.Debug|Any CPU.Build.0 = Debug|Any CPU
		{36A3C0E9-CA32-4F26-95FB-84760910D0BB}.Release|Any CPU.ActiveCfg = Release|Any CPU
		{36A3C0E9-CA32-4F26-95FB-84760910D0BB}.Release|Any CPU.Build.0 = Release|Any CPU
		{D84024AB-A5CB-4B21-9EEB-4615843AE5F9}.Debug|Any CPU.ActiveCfg = Debug|Any CPU
		{D84024AB-A5CB-4B21-9EEB-4615843AE5F9}.Debug|Any CPU.Build.0 = Debug|Any CPU
		{D84024AB-A5CB-4B21-9EEB-4615843AE5F9}.Release|Any CPU.ActiveCfg = Release|Any CPU
		{D84024AB-A5CB-4B21-9EEB-4615843AE5F9}.Release|Any CPU.Build.0 = Release|Any CPU
		{334C29B9-F61C-4CC3-92ED-E7E868CD305D}.Debug|Any CPU.ActiveCfg = Debug|Any CPU
		{334C29B9-F61C-4CC3-92ED-E7E868CD305D}.Debug|Any CPU.Build.0 = Debug|Any CPU
		{334C29B9-F61C-4CC3-92ED-E7E868CD305D}.Release|Any CPU.ActiveCfg = Release|Any CPU
		{334C29B9-F61C-4CC3-92ED-E7E868CD305D}.Release|Any CPU.Build.0 = Release|Any CPU
		{D64D8C61-AEFC-458F-AC34-72588C741D44}.Debug|Any CPU.ActiveCfg = Debug|Any CPU
		{D64D8C61-AEFC-458F-AC34-72588C741D44}.Debug|Any CPU.Build.0 = Debug|Any CPU
		{D64D8C61-AEFC-458F-AC34-72588C741D44}.Release|Any CPU.ActiveCfg = Release|Any CPU
		{D64D8C61-AEFC-458F-AC34-72588C741D44}.Release|Any CPU.Build.0 = Release|Any CPU
		{D0147AE2-D16D-481F-9C1B-EF9F173EDF71}.Debug|Any CPU.ActiveCfg = Debug|Any CPU
		{D0147AE2-D16D-481F-9C1B-EF9F173EDF71}.Debug|Any CPU.Build.0 = Debug|Any CPU
		{D0147AE2-D16D-481F-9C1B-EF9F173EDF71}.Release|Any CPU.ActiveCfg = Release|Any CPU
		{D0147AE2-D16D-481F-9C1B-EF9F173EDF71}.Release|Any CPU.Build.0 = Release|Any CPU
		{BB7C2881-0237-4217-A67E-4EE241966F21}.Debug|Any CPU.ActiveCfg = Debug|Any CPU
		{BB7C2881-0237-4217-A67E-4EE241966F21}.Debug|Any CPU.Build.0 = Debug|Any CPU
		{BB7C2881-0237-4217-A67E-4EE241966F21}.Release|Any CPU.ActiveCfg = Release|Any CPU
		{BB7C2881-0237-4217-A67E-4EE241966F21}.Release|Any CPU.Build.0 = Release|Any CPU
		{5EF46273-9938-4764-B93A-E0143C8DEF20}.Debug|Any CPU.ActiveCfg = Debug|Any CPU
		{5EF46273-9938-4764-B93A-E0143C8DEF20}.Debug|Any CPU.Build.0 = Debug|Any CPU
		{5EF46273-9938-4764-B93A-E0143C8DEF20}.Release|Any CPU.ActiveCfg = Release|Any CPU
		{5EF46273-9938-4764-B93A-E0143C8DEF20}.Release|Any CPU.Build.0 = Release|Any CPU
		{6ACEDFE2-9B65-4F65-ABB3-4397E0CDD7F0}.Debug|Any CPU.ActiveCfg = Debug|Any CPU
		{6ACEDFE2-9B65-4F65-ABB3-4397E0CDD7F0}.Debug|Any CPU.Build.0 = Debug|Any CPU
		{6ACEDFE2-9B65-4F65-ABB3-4397E0CDD7F0}.Release|Any CPU.ActiveCfg = Release|Any CPU
		{6ACEDFE2-9B65-4F65-ABB3-4397E0CDD7F0}.Release|Any CPU.Build.0 = Release|Any CPU
		{5998CD7A-FE22-41C4-B4AD-C511F3F48067}.Debug|Any CPU.ActiveCfg = Debug|Any CPU
		{5998CD7A-FE22-41C4-B4AD-C511F3F48067}.Debug|Any CPU.Build.0 = Debug|Any CPU
		{5998CD7A-FE22-41C4-B4AD-C511F3F48067}.Release|Any CPU.ActiveCfg = Release|Any CPU
		{5998CD7A-FE22-41C4-B4AD-C511F3F48067}.Release|Any CPU.Build.0 = Release|Any CPU
		{75594CEA-55F2-4F2A-8877-224B3FAE9928}.Debug|Any CPU.ActiveCfg = Debug|Any CPU
		{75594CEA-55F2-4F2A-8877-224B3FAE9928}.Debug|Any CPU.Build.0 = Debug|Any CPU
		{75594CEA-55F2-4F2A-8877-224B3FAE9928}.Debug|Any CPU.Deploy.0 = Debug|Any CPU
		{75594CEA-55F2-4F2A-8877-224B3FAE9928}.Release|Any CPU.ActiveCfg = Release|Any CPU
		{75594CEA-55F2-4F2A-8877-224B3FAE9928}.Release|Any CPU.Build.0 = Release|Any CPU
		{75594CEA-55F2-4F2A-8877-224B3FAE9928}.Release|Any CPU.Deploy.0 = Release|Any CPU
		{94C50F8C-D058-4AFC-9872-6BFFFFC7657C}.Debug|Any CPU.ActiveCfg = Debug|Any CPU
		{94C50F8C-D058-4AFC-9872-6BFFFFC7657C}.Debug|Any CPU.Build.0 = Debug|Any CPU
		{94C50F8C-D058-4AFC-9872-6BFFFFC7657C}.Release|Any CPU.ActiveCfg = Release|Any CPU
		{94C50F8C-D058-4AFC-9872-6BFFFFC7657C}.Release|Any CPU.Build.0 = Release|Any CPU
	EndGlobalSection
	GlobalSection(SolutionProperties) = preSolution
		HideSolutionNode = FALSE
	EndGlobalSection
	GlobalSection(NestedProjects) = preSolution
		{25746330-22E9-4FDD-99B0-9B1F282AC07F} = {CF16FFE1-4952-4487-8318-2BF561273839}
		{E0282B75-FCE9-4D96-B4FF-056588FF6EAB} = {CF16FFE1-4952-4487-8318-2BF561273839}
		{9A8748CB-717E-48D0-8CEE-F23971A37191} = {CF16FFE1-4952-4487-8318-2BF561273839}
		{76854212-2D9C-44A3-92C2-FA778FAF89B3} = {CF16FFE1-4952-4487-8318-2BF561273839}
		{2FBD538C-27B6-401E-BE56-BCF71432B551} = {B3E9469D-6B0D-4E4C-8365-2515D0AC0D23}
		{B3E9469D-6B0D-4E4C-8365-2515D0AC0D23} = {D0593AFB-1E3C-46B4-AB15-C1EBF3C967BE}
		{F43491A1-56DC-46D2-BE4F-5E55462355FB} = {CF16FFE1-4952-4487-8318-2BF561273839}
		{4EA893A8-3DCB-4A9A-8EEB-A848C198C25C} = {CF16FFE1-4952-4487-8318-2BF561273839}
		{D5226913-5345-4FD7-8226-F97D574CCDA5} = {CF16FFE1-4952-4487-8318-2BF561273839}
		{0662F04A-6053-4EB6-BD95-F4182B108F39} = {8EE2EA8F-2E02-406D-B045-3171037AC875}
		{7169006A-EDD6-4308-8B50-E0E11EE71FF2} = {2FBD538C-27B6-401E-BE56-BCF71432B551}
		{435EDE5E-E159-4D01-AAED-A2474E1D244D} = {2FBD538C-27B6-401E-BE56-BCF71432B551}
		{3814E6D3-7EBB-4C07-94E0-91369BB0D021} = {CF16FFE1-4952-4487-8318-2BF561273839}
		{43B71F53-112F-420D-89AE-DAA9F007ACA7} = {2FBD538C-27B6-401E-BE56-BCF71432B551}
		{5836DE28-D404-42A5-9CBB-656E13680724} = {2FBD538C-27B6-401E-BE56-BCF71432B551}
		{1975178A-6A0B-4ABD-B7C9-B32027E373C4} = {D0593AFB-1E3C-46B4-AB15-C1EBF3C967BE}
		{2F033237-01FB-45A2-97D5-7EFEA567811D} = {1975178A-6A0B-4ABD-B7C9-B32027E373C4}
		{42C6760A-A0A0-4A7A-B564-ECA0C7F4B4C6} = {1975178A-6A0B-4ABD-B7C9-B32027E373C4}
		{07A8BFDD-9F04-4145-A2EA-9C934774C942} = {1975178A-6A0B-4ABD-B7C9-B32027E373C4}
		{1375DD9C-F67B-44C1-BAE7-B099B95897C0} = {1975178A-6A0B-4ABD-B7C9-B32027E373C4}
		{0C97AA36-FCCE-4AA7-88AA-9282624ADD1C} = {1975178A-6A0B-4ABD-B7C9-B32027E373C4}
		{657018A3-FA4D-4093-BEDB-69F84199CBA4} = {2FBD538C-27B6-401E-BE56-BCF71432B551}
		{DD02E8D8-220A-4922-93EE-C3415C05E7D2} = {2FBD538C-27B6-401E-BE56-BCF71432B551}
		{25C2310C-7D38-4ACC-B13D-B986832D1DF2} = {2FBD538C-27B6-401E-BE56-BCF71432B551}
		{7567BF00-743D-41F2-A0B9-28BFFB251FAE} = {2FBD538C-27B6-401E-BE56-BCF71432B551}
		{A4DC98B6-EB96-4675-94EB-CAD820A82CC1} = {2FBD538C-27B6-401E-BE56-BCF71432B551}
		{CF16FFE1-4952-4487-8318-2BF561273839} = {B3E9469D-6B0D-4E4C-8365-2515D0AC0D23}
		{6FD73FD5-CE2E-4F91-AECC-F218F24DD67A} = {1975178A-6A0B-4ABD-B7C9-B32027E373C4}
		{5D94940B-5992-4FF9-A5D7-D92CFA42AB21} = {1975178A-6A0B-4ABD-B7C9-B32027E373C4}
		{D5683C2A-E51E-4E05-8CA4-A341AE62489C} = {1975178A-6A0B-4ABD-B7C9-B32027E373C4}
		{F1247E71-6981-4B67-BDA0-93DF9D539FF9} = {1975178A-6A0B-4ABD-B7C9-B32027E373C4}
		{5FB0054A-2723-4487-B05A-042B788F3BEF} = {1975178A-6A0B-4ABD-B7C9-B32027E373C4}
		{A6433D25-A1A5-4CE0-A2F2-6084B5216D48} = {1975178A-6A0B-4ABD-B7C9-B32027E373C4}
		{BDEE6A2C-2038-49A0-9152-5B4A6FB4684F} = {1975178A-6A0B-4ABD-B7C9-B32027E373C4}
		{E153B5F0-2F85-40BF-9580-3AD276E131E8} = {1975178A-6A0B-4ABD-B7C9-B32027E373C4}
		{00FEAB7A-1538-42CC-9144-6F2AA2498F10} = {1975178A-6A0B-4ABD-B7C9-B32027E373C4}
		{D8BE6588-6FAC-4B3D-BE8F-6CF30DA933B7} = {1975178A-6A0B-4ABD-B7C9-B32027E373C4}
		{36A3C0E9-CA32-4F26-95FB-84760910D0BB} = {1975178A-6A0B-4ABD-B7C9-B32027E373C4}
		{D84024AB-A5CB-4B21-9EEB-4615843AE5F9} = {1975178A-6A0B-4ABD-B7C9-B32027E373C4}
		{334C29B9-F61C-4CC3-92ED-E7E868CD305D} = {1975178A-6A0B-4ABD-B7C9-B32027E373C4}
		{D64D8C61-AEFC-458F-AC34-72588C741D44} = {1975178A-6A0B-4ABD-B7C9-B32027E373C4}
		{D0147AE2-D16D-481F-9C1B-EF9F173EDF71} = {1975178A-6A0B-4ABD-B7C9-B32027E373C4}
		{BB7C2881-0237-4217-A67E-4EE241966F21} = {1975178A-6A0B-4ABD-B7C9-B32027E373C4}
		{5EF46273-9938-4764-B93A-E0143C8DEF20} = {1975178A-6A0B-4ABD-B7C9-B32027E373C4}
		{6ACEDFE2-9B65-4F65-ABB3-4397E0CDD7F0} = {1975178A-6A0B-4ABD-B7C9-B32027E373C4}
		{5998CD7A-FE22-41C4-B4AD-C511F3F48067} = {1975178A-6A0B-4ABD-B7C9-B32027E373C4}
		{C976B769-C1B9-4304-9899-9F039AC07608} = {B3E9469D-6B0D-4E4C-8365-2515D0AC0D23}
		{75594CEA-55F2-4F2A-8877-224B3FAE9928} = {C976B769-C1B9-4304-9899-9F039AC07608}
		{94C50F8C-D058-4AFC-9872-6BFFFFC7657C} = {2FBD538C-27B6-401E-BE56-BCF71432B551}
	EndGlobalSection
	GlobalSection(ExtensibilityGlobals) = postSolution
		RESX_NeutralResourcesLanguage = zh-Hant
		RESX_ConfirmAddLanguageFile = True
		RESX_AutoCreateNewLanguageFiles = True
		SolutionGuid = {20DA083E-7C8D-4E51-A9DB-4BEE03CD309E}
	EndGlobalSection
EndGlobal
